// !$*UTF8*$!
{
	archiveVersion = 1;
	classes = {
	};
	objectVersion = 55;
	objects = {

/* Begin PBXBuildFile section */
		2A0BD0A8E5BB820DA02900F5 /* Pods_NewsAgregatorApp.framework in Frameworks */ = {isa = PBXBuildFile; fileRef = 542E42A3132E065422DC34E8 /* Pods_NewsAgregatorApp.framework */; };
		6115F49A2758D3F0002EC3CA /* ListModulePresenter.swift in Sources */ = {isa = PBXBuildFile; fileRef = 6115F4992758D3F0002EC3CA /* ListModulePresenter.swift */; };
		6115F49C2758D586002EC3CA /* ListModuleRouter.swift in Sources */ = {isa = PBXBuildFile; fileRef = 6115F49B2758D586002EC3CA /* ListModuleRouter.swift */; };
		6115F49E2758DE76002EC3CA /* ListModuleInteractor.swift in Sources */ = {isa = PBXBuildFile; fileRef = 6115F49D2758DE76002EC3CA /* ListModuleInteractor.swift */; };
		6115F4A02758E4AB002EC3CA /* SettingsModuleView.swift in Sources */ = {isa = PBXBuildFile; fileRef = 6115F49F2758E4AB002EC3CA /* SettingsModuleView.swift */; };
		6115F4A22758EB95002EC3CA /* ListModuleAssembly.swift in Sources */ = {isa = PBXBuildFile; fileRef = 6115F4A12758EB95002EC3CA /* ListModuleAssembly.swift */; };
		6115F4A627596C6F002EC3CA /* NetworkManager.swift in Sources */ = {isa = PBXBuildFile; fileRef = 6115F4A527596C6F002EC3CA /* NetworkManager.swift */; };
		6115F4A9275A05CD002EC3CA /* NetworkErrors.swift in Sources */ = {isa = PBXBuildFile; fileRef = 6115F4A8275A05CD002EC3CA /* NetworkErrors.swift */; };
		6115F4AB275A0625002EC3CA /* EndpointProtocol.swift in Sources */ = {isa = PBXBuildFile; fileRef = 6115F4AA275A0625002EC3CA /* EndpointProtocol.swift */; };
		6115F4AD275A08B9002EC3CA /* EndpointCases.swift in Sources */ = {isa = PBXBuildFile; fileRef = 6115F4AC275A08B9002EC3CA /* EndpointCases.swift */; };
		6115F4AF275A09EA002EC3CA /* Endpoint.swift in Sources */ = {isa = PBXBuildFile; fileRef = 6115F4AE275A09EA002EC3CA /* Endpoint.swift */; };
		6115F4B3275A0DCF002EC3CA /* ArticlesService.swift in Sources */ = {isa = PBXBuildFile; fileRef = 6115F4B2275A0DCF002EC3CA /* ArticlesService.swift */; };
		6115F4B5275A0FFA002EC3CA /* Constants.swift in Sources */ = {isa = PBXBuildFile; fileRef = 6115F4B4275A0FFA002EC3CA /* Constants.swift */; };
		6115F4B7275A1505002EC3CA /* Article.swift in Sources */ = {isa = PBXBuildFile; fileRef = 6115F4B6275A1505002EC3CA /* Article.swift */; };
		6115F4B9275A936E002EC3CA /* XMLParserService.swift in Sources */ = {isa = PBXBuildFile; fileRef = 6115F4B8275A936E002EC3CA /* XMLParserService.swift */; };
		6115F4BB275AADD0002EC3CA /* ListViewModelBuilder.swift in Sources */ = {isa = PBXBuildFile; fileRef = 6115F4BA275AADD0002EC3CA /* ListViewModelBuilder.swift */; };
		613A6F5C27578B670034E69A /* UITableViewCell+Extension.swift in Sources */ = {isa = PBXBuildFile; fileRef = 613A6F5B27578B670034E69A /* UITableViewCell+Extension.swift */; };
		613A6F5E27578C6A0034E69A /* ListViewModel.swift in Sources */ = {isa = PBXBuildFile; fileRef = 613A6F5D27578C6A0034E69A /* ListViewModel.swift */; };
		61553DF0275E0D1000376CA3 /* SwitchTableViewCell.swift in Sources */ = {isa = PBXBuildFile; fileRef = 61553DEF275E0D1000376CA3 /* SwitchTableViewCell.swift */; };
		61553DF3275E14CA00376CA3 /* SettingsModel.swift in Sources */ = {isa = PBXBuildFile; fileRef = 61553DF2275E14CA00376CA3 /* SettingsModel.swift */; };
		61553DF5275E151300376CA3 /* SettingsViewModel.swift in Sources */ = {isa = PBXBuildFile; fileRef = 61553DF4275E151300376CA3 /* SettingsViewModel.swift */; };
		61553DF8275E167900376CA3 /* SegmentControlTableViewCell.swift in Sources */ = {isa = PBXBuildFile; fileRef = 61553DF7275E167900376CA3 /* SegmentControlTableViewCell.swift */; };
		61553DFA275E1DF000376CA3 /* SettingsService.swift in Sources */ = {isa = PBXBuildFile; fileRef = 61553DF9275E1DF000376CA3 /* SettingsService.swift */; };
		615EF6592756CB21007958C6 /* NavigationServiceContainer.swift in Sources */ = {isa = PBXBuildFile; fileRef = 615EF6582756CB21007958C6 /* NavigationServiceContainer.swift */; };
		615EF65B2756CE4F007958C6 /* ListModuleView.swift in Sources */ = {isa = PBXBuildFile; fileRef = 615EF65A2756CE4F007958C6 /* ListModuleView.swift */; };
		615EF65F2757822A007958C6 /* ListTableViewCell.swift in Sources */ = {isa = PBXBuildFile; fileRef = 615EF65E2757822A007958C6 /* ListTableViewCell.swift */; };
		6199BBDB275CE0140010ACE4 /* SettingsModuleAssembly.swift in Sources */ = {isa = PBXBuildFile; fileRef = 6199BBDA275CE0140010ACE4 /* SettingsModuleAssembly.swift */; };
		6199BBDD275CE16D0010ACE4 /* TabBarModuleView.swift in Sources */ = {isa = PBXBuildFile; fileRef = 6199BBDC275CE16D0010ACE4 /* TabBarModuleView.swift */; };
		6199BBDF275CE1A20010ACE4 /* TabBarModuleAssembly.swift in Sources */ = {isa = PBXBuildFile; fileRef = 6199BBDE275CE1A20010ACE4 /* TabBarModuleAssembly.swift */; };
		6199BBE1275CE3680010ACE4 /* TabBarModuleRouter.swift in Sources */ = {isa = PBXBuildFile; fileRef = 6199BBE0275CE3680010ACE4 /* TabBarModuleRouter.swift */; };
		6199BBE3275DFD750010ACE4 /* JSONParserService.swift in Sources */ = {isa = PBXBuildFile; fileRef = 6199BBE2275DFD750010ACE4 /* JSONParserService.swift */; };
		61BD7A1227569AAB00222377 /* AppDelegate.swift in Sources */ = {isa = PBXBuildFile; fileRef = 61BD7A1127569AAB00222377 /* AppDelegate.swift */; };
		61BD7A1427569AAB00222377 /* SceneDelegate.swift in Sources */ = {isa = PBXBuildFile; fileRef = 61BD7A1327569AAB00222377 /* SceneDelegate.swift */; };
		61BD7A1627569AAB00222377 /* RootViewController.swift in Sources */ = {isa = PBXBuildFile; fileRef = 61BD7A1527569AAB00222377 /* RootViewController.swift */; };
		61BD7A1B27569AAC00222377 /* Assets.xcassets in Resources */ = {isa = PBXBuildFile; fileRef = 61BD7A1A27569AAC00222377 /* Assets.xcassets */; };
		61BD7A1E27569AAC00222377 /* LaunchScreen.storyboard in Resources */ = {isa = PBXBuildFile; fileRef = 61BD7A1C27569AAC00222377 /* LaunchScreen.storyboard */; };
		61BD7B632756C38200222377 /* RootPresenter.swift in Sources */ = {isa = PBXBuildFile; fileRef = 61BD7B622756C38200222377 /* RootPresenter.swift */; };
		61BD7B652756C41700222377 /* NavigationService.swift in Sources */ = {isa = PBXBuildFile; fileRef = 61BD7B642756C41700222377 /* NavigationService.swift */; };
/* End PBXBuildFile section */

/* Begin PBXFileReference section */
		542E42A3132E065422DC34E8 /* Pods_NewsAgregatorApp.framework */ = {isa = PBXFileReference; explicitFileType = wrapper.framework; includeInIndex = 0; path = Pods_NewsAgregatorApp.framework; sourceTree = BUILT_PRODUCTS_DIR; };
		6115F4992758D3F0002EC3CA /* ListModulePresenter.swift */ = {isa = PBXFileReference; lastKnownFileType = sourcecode.swift; path = ListModulePresenter.swift; sourceTree = "<group>"; };
		6115F49B2758D586002EC3CA /* ListModuleRouter.swift */ = {isa = PBXFileReference; lastKnownFileType = sourcecode.swift; path = ListModuleRouter.swift; sourceTree = "<group>"; };
		6115F49D2758DE76002EC3CA /* ListModuleInteractor.swift */ = {isa = PBXFileReference; lastKnownFileType = sourcecode.swift; path = ListModuleInteractor.swift; sourceTree = "<group>"; };
		6115F49F2758E4AB002EC3CA /* SettingsModuleView.swift */ = {isa = PBXFileReference; lastKnownFileType = sourcecode.swift; path = SettingsModuleView.swift; sourceTree = "<group>"; };
		6115F4A12758EB95002EC3CA /* ListModuleAssembly.swift */ = {isa = PBXFileReference; lastKnownFileType = sourcecode.swift; path = ListModuleAssembly.swift; sourceTree = "<group>"; };
		6115F4A527596C6F002EC3CA /* NetworkManager.swift */ = {isa = PBXFileReference; lastKnownFileType = sourcecode.swift; path = NetworkManager.swift; sourceTree = "<group>"; };
		6115F4A8275A05CD002EC3CA /* NetworkErrors.swift */ = {isa = PBXFileReference; lastKnownFileType = sourcecode.swift; path = NetworkErrors.swift; sourceTree = "<group>"; };
		6115F4AA275A0625002EC3CA /* EndpointProtocol.swift */ = {isa = PBXFileReference; lastKnownFileType = sourcecode.swift; path = EndpointProtocol.swift; sourceTree = "<group>"; };
		6115F4AC275A08B9002EC3CA /* EndpointCases.swift */ = {isa = PBXFileReference; lastKnownFileType = sourcecode.swift; path = EndpointCases.swift; sourceTree = "<group>"; };
		6115F4AE275A09EA002EC3CA /* Endpoint.swift */ = {isa = PBXFileReference; lastKnownFileType = sourcecode.swift; path = Endpoint.swift; sourceTree = "<group>"; };
		6115F4B2275A0DCF002EC3CA /* ArticlesService.swift */ = {isa = PBXFileReference; lastKnownFileType = sourcecode.swift; path = ArticlesService.swift; sourceTree = "<group>"; };
		6115F4B4275A0FFA002EC3CA /* Constants.swift */ = {isa = PBXFileReference; lastKnownFileType = sourcecode.swift; path = Constants.swift; sourceTree = "<group>"; };
		6115F4B6275A1505002EC3CA /* Article.swift */ = {isa = PBXFileReference; lastKnownFileType = sourcecode.swift; path = Article.swift; sourceTree = "<group>"; };
		6115F4B8275A936E002EC3CA /* XMLParserService.swift */ = {isa = PBXFileReference; lastKnownFileType = sourcecode.swift; path = XMLParserService.swift; sourceTree = "<group>"; };
		6115F4BA275AADD0002EC3CA /* ListViewModelBuilder.swift */ = {isa = PBXFileReference; lastKnownFileType = sourcecode.swift; path = ListViewModelBuilder.swift; sourceTree = "<group>"; };
		613A6F5B27578B670034E69A /* UITableViewCell+Extension.swift */ = {isa = PBXFileReference; lastKnownFileType = sourcecode.swift; path = "UITableViewCell+Extension.swift"; sourceTree = "<group>"; };
		613A6F5D27578C6A0034E69A /* ListViewModel.swift */ = {isa = PBXFileReference; lastKnownFileType = sourcecode.swift; path = ListViewModel.swift; sourceTree = "<group>"; };
		61553DEF275E0D1000376CA3 /* SwitchTableViewCell.swift */ = {isa = PBXFileReference; lastKnownFileType = sourcecode.swift; path = SwitchTableViewCell.swift; sourceTree = "<group>"; };
		61553DF2275E14CA00376CA3 /* SettingsModel.swift */ = {isa = PBXFileReference; lastKnownFileType = sourcecode.swift; path = SettingsModel.swift; sourceTree = "<group>"; };
		61553DF4275E151300376CA3 /* SettingsViewModel.swift */ = {isa = PBXFileReference; lastKnownFileType = sourcecode.swift; path = SettingsViewModel.swift; sourceTree = "<group>"; };
		61553DF7275E167900376CA3 /* SegmentControlTableViewCell.swift */ = {isa = PBXFileReference; lastKnownFileType = sourcecode.swift; path = SegmentControlTableViewCell.swift; sourceTree = "<group>"; };
		61553DF9275E1DF000376CA3 /* SettingsService.swift */ = {isa = PBXFileReference; lastKnownFileType = sourcecode.swift; path = SettingsService.swift; sourceTree = "<group>"; };
		615EF6582756CB21007958C6 /* NavigationServiceContainer.swift */ = {isa = PBXFileReference; lastKnownFileType = sourcecode.swift; path = NavigationServiceContainer.swift; sourceTree = "<group>"; };
		615EF65A2756CE4F007958C6 /* ListModuleView.swift */ = {isa = PBXFileReference; lastKnownFileType = sourcecode.swift; path = ListModuleView.swift; sourceTree = "<group>"; };
		615EF65E2757822A007958C6 /* ListTableViewCell.swift */ = {isa = PBXFileReference; lastKnownFileType = sourcecode.swift; path = ListTableViewCell.swift; sourceTree = "<group>"; };
		6199BBDA275CE0140010ACE4 /* SettingsModuleAssembly.swift */ = {isa = PBXFileReference; lastKnownFileType = sourcecode.swift; path = SettingsModuleAssembly.swift; sourceTree = "<group>"; };
		6199BBDC275CE16D0010ACE4 /* TabBarModuleView.swift */ = {isa = PBXFileReference; lastKnownFileType = sourcecode.swift; path = TabBarModuleView.swift; sourceTree = "<group>"; };
		6199BBDE275CE1A20010ACE4 /* TabBarModuleAssembly.swift */ = {isa = PBXFileReference; lastKnownFileType = sourcecode.swift; path = TabBarModuleAssembly.swift; sourceTree = "<group>"; };
		6199BBE0275CE3680010ACE4 /* TabBarModuleRouter.swift */ = {isa = PBXFileReference; lastKnownFileType = sourcecode.swift; path = TabBarModuleRouter.swift; sourceTree = "<group>"; };
		6199BBE2275DFD750010ACE4 /* JSONParserService.swift */ = {isa = PBXFileReference; lastKnownFileType = sourcecode.swift; path = JSONParserService.swift; sourceTree = "<group>"; };
		61BD7A0E27569AAB00222377 /* NewsAgregatorApp.app */ = {isa = PBXFileReference; explicitFileType = wrapper.application; includeInIndex = 0; path = NewsAgregatorApp.app; sourceTree = BUILT_PRODUCTS_DIR; };
		61BD7A1127569AAB00222377 /* AppDelegate.swift */ = {isa = PBXFileReference; lastKnownFileType = sourcecode.swift; path = AppDelegate.swift; sourceTree = "<group>"; };
		61BD7A1327569AAB00222377 /* SceneDelegate.swift */ = {isa = PBXFileReference; lastKnownFileType = sourcecode.swift; path = SceneDelegate.swift; sourceTree = "<group>"; };
		61BD7A1527569AAB00222377 /* RootViewController.swift */ = {isa = PBXFileReference; lastKnownFileType = sourcecode.swift; path = RootViewController.swift; sourceTree = "<group>"; };
		61BD7A1A27569AAC00222377 /* Assets.xcassets */ = {isa = PBXFileReference; lastKnownFileType = folder.assetcatalog; path = Assets.xcassets; sourceTree = "<group>"; };
		61BD7A1D27569AAC00222377 /* Base */ = {isa = PBXFileReference; lastKnownFileType = file.storyboard; name = Base; path = Base.lproj/LaunchScreen.storyboard; sourceTree = "<group>"; };
		61BD7A1F27569AAC00222377 /* Info.plist */ = {isa = PBXFileReference; lastKnownFileType = text.plist.xml; path = Info.plist; sourceTree = "<group>"; };
		61BD7B622756C38200222377 /* RootPresenter.swift */ = {isa = PBXFileReference; lastKnownFileType = sourcecode.swift; path = RootPresenter.swift; sourceTree = "<group>"; };
		61BD7B642756C41700222377 /* NavigationService.swift */ = {isa = PBXFileReference; lastKnownFileType = sourcecode.swift; path = NavigationService.swift; sourceTree = "<group>"; };
		C1ECA80E99D19BEC8B788AD7 /* Pods-NewsAgregatorApp.debug.xcconfig */ = {isa = PBXFileReference; includeInIndex = 1; lastKnownFileType = text.xcconfig; name = "Pods-NewsAgregatorApp.debug.xcconfig"; path = "Target Support Files/Pods-NewsAgregatorApp/Pods-NewsAgregatorApp.debug.xcconfig"; sourceTree = "<group>"; };
		F5781ADE890895B6D5654BC5 /* Pods-NewsAgregatorApp.release.xcconfig */ = {isa = PBXFileReference; includeInIndex = 1; lastKnownFileType = text.xcconfig; name = "Pods-NewsAgregatorApp.release.xcconfig"; path = "Target Support Files/Pods-NewsAgregatorApp/Pods-NewsAgregatorApp.release.xcconfig"; sourceTree = "<group>"; };
/* End PBXFileReference section */

/* Begin PBXFrameworksBuildPhase section */
		61BD7A0B27569AAB00222377 /* Frameworks */ = {
			isa = PBXFrameworksBuildPhase;
			buildActionMask = 2147483647;
			files = (
				2A0BD0A8E5BB820DA02900F5 /* Pods_NewsAgregatorApp.framework in Frameworks */,
			);
			runOnlyForDeploymentPostprocessing = 0;
		};
/* End PBXFrameworksBuildPhase section */

/* Begin PBXGroup section */
		2F6EBD3D8FCE78CC9D06B226 /* Frameworks */ = {
			isa = PBXGroup;
			children = (
				542E42A3132E065422DC34E8 /* Pods_NewsAgregatorApp.framework */,
			);
			name = Frameworks;
			sourceTree = "<group>";
		};
		6115F4A327596402002EC3CA /* Views */ = {
			isa = PBXGroup;
			children = (
				615EF65E2757822A007958C6 /* ListTableViewCell.swift */,
			);
			path = Views;
			sourceTree = "<group>";
		};
		6115F4A427596422002EC3CA /* Models */ = {
			isa = PBXGroup;
			children = (
				613A6F5D27578C6A0034E69A /* ListViewModel.swift */,
			);
			path = Models;
			sourceTree = "<group>";
		};
		6115F4A7275A05B8002EC3CA /* Models */ = {
			isa = PBXGroup;
			children = (
				6115F4B4275A0FFA002EC3CA /* Constants.swift */,
				6115F4A8275A05CD002EC3CA /* NetworkErrors.swift */,
				6115F4AC275A08B9002EC3CA /* EndpointCases.swift */,
				6115F4AE275A09EA002EC3CA /* Endpoint.swift */,
				6115F4B6275A1505002EC3CA /* Article.swift */,
				61553DF2275E14CA00376CA3 /* SettingsModel.swift */,
			);
			path = Models;
			sourceTree = "<group>";
		};
		6115F4B0275A0D06002EC3CA /* SettingsModule */ = {
			isa = PBXGroup;
			children = (
				61553DF6275E164F00376CA3 /* Views */,
				61553DF1275E14B500376CA3 /* Models */,
				6115F49F2758E4AB002EC3CA /* SettingsModuleView.swift */,
				6199BBDA275CE0140010ACE4 /* SettingsModuleAssembly.swift */,
			);
			path = SettingsModule;
			sourceTree = "<group>";
		};
		6115F4B1275A0D34002EC3CA /* Modules */ = {
			isa = PBXGroup;
			children = (
				6199BBD9275CDDEF0010ACE4 /* TabBarModule */,
				61BD7B5E2756BB0C00222377 /* ListModule */,
				61BD7B5F2756C2A600222377 /* Root */,
				6115F4B0275A0D06002EC3CA /* SettingsModule */,
			);
			path = Modules;
			sourceTree = "<group>";
		};
		613A6F5927578B3A0034E69A /* Extensions */ = {
			isa = PBXGroup;
			children = (
				613A6F5B27578B670034E69A /* UITableViewCell+Extension.swift */,
			);
			path = Extensions;
			sourceTree = "<group>";
		};
		613A6F5A27578B450034E69A /* Common */ = {
			isa = PBXGroup;
			children = (
				6115F4AA275A0625002EC3CA /* EndpointProtocol.swift */,
				61BD7B662756C84200222377 /* AppServices */,
				61BD7B602756C2C600222377 /* Services */,
				6115F4A7275A05B8002EC3CA /* Models */,
				613A6F5927578B3A0034E69A /* Extensions */,
			);
			path = Common;
			sourceTree = "<group>";
		};
		61553DF1275E14B500376CA3 /* Models */ = {
			isa = PBXGroup;
			children = (
				61553DF4275E151300376CA3 /* SettingsViewModel.swift */,
			);
			path = Models;
			sourceTree = "<group>";
		};
		61553DF6275E164F00376CA3 /* Views */ = {
			isa = PBXGroup;
			children = (
				61553DEF275E0D1000376CA3 /* SwitchTableViewCell.swift */,
				61553DF7275E167900376CA3 /* SegmentControlTableViewCell.swift */,
			);
			path = Views;
			sourceTree = "<group>";
		};
		6199BBD9275CDDEF0010ACE4 /* TabBarModule */ = {
			isa = PBXGroup;
			children = (
				6199BBDC275CE16D0010ACE4 /* TabBarModuleView.swift */,
				6199BBDE275CE1A20010ACE4 /* TabBarModuleAssembly.swift */,
				6199BBE0275CE3680010ACE4 /* TabBarModuleRouter.swift */,
			);
			path = TabBarModule;
			sourceTree = "<group>";
		};
		61BD7A0527569AAB00222377 = {
			isa = PBXGroup;
			children = (
				61BD7A1027569AAB00222377 /* NewsAgregatorApp */,
				61BD7A0F27569AAB00222377 /* Products */,
				69D13D1A008F77FCA9C43550 /* Pods */,
				2F6EBD3D8FCE78CC9D06B226 /* Frameworks */,
			);
			sourceTree = "<group>";
		};
		61BD7A0F27569AAB00222377 /* Products */ = {
			isa = PBXGroup;
			children = (
				61BD7A0E27569AAB00222377 /* NewsAgregatorApp.app */,
			);
			name = Products;
			sourceTree = "<group>";
		};
		61BD7A1027569AAB00222377 /* NewsAgregatorApp */ = {
			isa = PBXGroup;
			children = (
				61BD7A1127569AAB00222377 /* AppDelegate.swift */,
				61BD7A1327569AAB00222377 /* SceneDelegate.swift */,
				613A6F5A27578B450034E69A /* Common */,
				6115F4B1275A0D34002EC3CA /* Modules */,
				61BD7A1C27569AAC00222377 /* LaunchScreen.storyboard */,
				61BD7A1A27569AAC00222377 /* Assets.xcassets */,
				61BD7A1F27569AAC00222377 /* Info.plist */,
			);
			path = NewsAgregatorApp;
			sourceTree = "<group>";
		};
		61BD7B5E2756BB0C00222377 /* ListModule */ = {
			isa = PBXGroup;
			children = (
				6115F4A12758EB95002EC3CA /* ListModuleAssembly.swift */,
				615EF65A2756CE4F007958C6 /* ListModuleView.swift */,
				6115F4992758D3F0002EC3CA /* ListModulePresenter.swift */,
				6115F49D2758DE76002EC3CA /* ListModuleInteractor.swift */,
				6115F49B2758D586002EC3CA /* ListModuleRouter.swift */,
				6115F4A427596422002EC3CA /* Models */,
				6115F4A327596402002EC3CA /* Views */,
			);
			path = ListModule;
			sourceTree = "<group>";
		};
		61BD7B5F2756C2A600222377 /* Root */ = {
			isa = PBXGroup;
			children = (
				61BD7B622756C38200222377 /* RootPresenter.swift */,
				61BD7A1527569AAB00222377 /* RootViewController.swift */,
			);
			path = Root;
			sourceTree = "<group>";
		};
		61BD7B602756C2C600222377 /* Services */ = {
			isa = PBXGroup;
			children = (
				6115F4A527596C6F002EC3CA /* NetworkManager.swift */,
				6115F4B2275A0DCF002EC3CA /* ArticlesService.swift */,
				61553DF9275E1DF000376CA3 /* SettingsService.swift */,
				6115F4B8275A936E002EC3CA /* XMLParserService.swift */,
				6199BBE2275DFD750010ACE4 /* JSONParserService.swift */,
				6115F4BA275AADD0002EC3CA /* ListViewModelBuilder.swift */,
			);
			path = Services;
			sourceTree = "<group>";
		};
		61BD7B662756C84200222377 /* AppServices */ = {
			isa = PBXGroup;
			children = (
				61BD7B642756C41700222377 /* NavigationService.swift */,
				615EF6582756CB21007958C6 /* NavigationServiceContainer.swift */,
			);
			path = AppServices;
			sourceTree = "<group>";
		};
		69D13D1A008F77FCA9C43550 /* Pods */ = {
			isa = PBXGroup;
			children = (
				C1ECA80E99D19BEC8B788AD7 /* Pods-NewsAgregatorApp.debug.xcconfig */,
				F5781ADE890895B6D5654BC5 /* Pods-NewsAgregatorApp.release.xcconfig */,
			);
			path = Pods;
			sourceTree = "<group>";
		};
/* End PBXGroup section */

/* Begin PBXNativeTarget section */
		61BD7A0D27569AAB00222377 /* NewsAgregatorApp */ = {
			isa = PBXNativeTarget;
			buildConfigurationList = 61BD7A2227569AAC00222377 /* Build configuration list for PBXNativeTarget "NewsAgregatorApp" */;
			buildPhases = (
				C18E0F95406E1359099B54F0 /* [CP] Check Pods Manifest.lock */,
				61BD7A0A27569AAB00222377 /* Sources */,
				61BD7A0B27569AAB00222377 /* Frameworks */,
				61BD7A0C27569AAB00222377 /* Resources */,
				4340460F767A63EB5D64144B /* [CP] Embed Pods Frameworks */,
			);
			buildRules = (
			);
			dependencies = (
			);
			name = NewsAgregatorApp;
			productName = NewsAgregatorApp;
			productReference = 61BD7A0E27569AAB00222377 /* NewsAgregatorApp.app */;
			productType = "com.apple.product-type.application";
		};
/* End PBXNativeTarget section */

/* Begin PBXProject section */
		61BD7A0627569AAB00222377 /* Project object */ = {
			isa = PBXProject;
			attributes = {
				BuildIndependentTargetsInParallel = 1;
				LastSwiftUpdateCheck = 1310;
				LastUpgradeCheck = 1310;
				TargetAttributes = {
					61BD7A0D27569AAB00222377 = {
						CreatedOnToolsVersion = 13.1;
					};
				};
			};
			buildConfigurationList = 61BD7A0927569AAB00222377 /* Build configuration list for PBXProject "NewsAgregatorApp" */;
			compatibilityVersion = "Xcode 13.0";
			developmentRegion = en;
			hasScannedForEncodings = 0;
			knownRegions = (
				en,
				Base,
			);
			mainGroup = 61BD7A0527569AAB00222377;
			productRefGroup = 61BD7A0F27569AAB00222377 /* Products */;
			projectDirPath = "";
			projectRoot = "";
			targets = (
				61BD7A0D27569AAB00222377 /* NewsAgregatorApp */,
			);
		};
/* End PBXProject section */

/* Begin PBXResourcesBuildPhase section */
		61BD7A0C27569AAB00222377 /* Resources */ = {
			isa = PBXResourcesBuildPhase;
			buildActionMask = 2147483647;
			files = (
				61BD7A1E27569AAC00222377 /* LaunchScreen.storyboard in Resources */,
				61BD7A1B27569AAC00222377 /* Assets.xcassets in Resources */,
			);
			runOnlyForDeploymentPostprocessing = 0;
		};
/* End PBXResourcesBuildPhase section */

/* Begin PBXShellScriptBuildPhase section */
		4340460F767A63EB5D64144B /* [CP] Embed Pods Frameworks */ = {
			isa = PBXShellScriptBuildPhase;
			buildActionMask = 2147483647;
			files = (
			);
			inputFileListPaths = (
				"${PODS_ROOT}/Target Support Files/Pods-NewsAgregatorApp/Pods-NewsAgregatorApp-frameworks-${CONFIGURATION}-input-files.xcfilelist",
			);
			name = "[CP] Embed Pods Frameworks";
			outputFileListPaths = (
				"${PODS_ROOT}/Target Support Files/Pods-NewsAgregatorApp/Pods-NewsAgregatorApp-frameworks-${CONFIGURATION}-output-files.xcfilelist",
			);
			runOnlyForDeploymentPostprocessing = 0;
			shellPath = /bin/sh;
			shellScript = "\"${PODS_ROOT}/Target Support Files/Pods-NewsAgregatorApp/Pods-NewsAgregatorApp-frameworks.sh\"\n";
			showEnvVarsInLog = 0;
		};
		C18E0F95406E1359099B54F0 /* [CP] Check Pods Manifest.lock */ = {
			isa = PBXShellScriptBuildPhase;
			buildActionMask = 2147483647;
			files = (
			);
			inputFileListPaths = (
			);
			inputPaths = (
				"${PODS_PODFILE_DIR_PATH}/Podfile.lock",
				"${PODS_ROOT}/Manifest.lock",
			);
			name = "[CP] Check Pods Manifest.lock";
			outputFileListPaths = (
			);
			outputPaths = (
				"$(DERIVED_FILE_DIR)/Pods-NewsAgregatorApp-checkManifestLockResult.txt",
			);
			runOnlyForDeploymentPostprocessing = 0;
			shellPath = /bin/sh;
			shellScript = "diff \"${PODS_PODFILE_DIR_PATH}/Podfile.lock\" \"${PODS_ROOT}/Manifest.lock\" > /dev/null\nif [ $? != 0 ] ; then\n    # print error to STDERR\n    echo \"error: The sandbox is not in sync with the Podfile.lock. Run 'pod install' or update your CocoaPods installation.\" >&2\n    exit 1\nfi\n# This output is used by Xcode 'outputs' to avoid re-running this script phase.\necho \"SUCCESS\" > \"${SCRIPT_OUTPUT_FILE_0}\"\n";
			showEnvVarsInLog = 0;
		};
/* End PBXShellScriptBuildPhase section */

/* Begin PBXSourcesBuildPhase section */
		61BD7A0A27569AAB00222377 /* Sources */ = {
			isa = PBXSourcesBuildPhase;
			buildActionMask = 2147483647;
			files = (
				6115F4A02758E4AB002EC3CA /* SettingsModuleView.swift in Sources */,
				6115F4B5275A0FFA002EC3CA /* Constants.swift in Sources */,
				6115F4B7275A1505002EC3CA /* Article.swift in Sources */,
				6115F49C2758D586002EC3CA /* ListModuleRouter.swift in Sources */,
				6199BBDD275CE16D0010ACE4 /* TabBarModuleView.swift in Sources */,
				61553DFA275E1DF000376CA3 /* SettingsService.swift in Sources */,
				61553DF8275E167900376CA3 /* SegmentControlTableViewCell.swift in Sources */,
				6115F4B9275A936E002EC3CA /* XMLParserService.swift in Sources */,
				6115F4A22758EB95002EC3CA /* ListModuleAssembly.swift in Sources */,
				6199BBDF275CE1A20010ACE4 /* TabBarModuleAssembly.swift in Sources */,
				61553DF5275E151300376CA3 /* SettingsViewModel.swift in Sources */,
				6199BBDB275CE0140010ACE4 /* SettingsModuleAssembly.swift in Sources */,
				6115F49E2758DE76002EC3CA /* ListModuleInteractor.swift in Sources */,
				6115F4A627596C6F002EC3CA /* NetworkManager.swift in Sources */,
				613A6F5E27578C6A0034E69A /* ListViewModel.swift in Sources */,
				6115F4A9275A05CD002EC3CA /* NetworkErrors.swift in Sources */,
				61BD7B652756C41700222377 /* NavigationService.swift in Sources */,
				6199BBE1275CE3680010ACE4 /* TabBarModuleRouter.swift in Sources */,
				61BD7A1627569AAB00222377 /* RootViewController.swift in Sources */,
				61553DF3275E14CA00376CA3 /* SettingsModel.swift in Sources */,
				61BD7A1227569AAB00222377 /* AppDelegate.swift in Sources */,
				6115F4AB275A0625002EC3CA /* EndpointProtocol.swift in Sources */,
				615EF6592756CB21007958C6 /* NavigationServiceContainer.swift in Sources */,
				6115F4AD275A08B9002EC3CA /* EndpointCases.swift in Sources */,
				6199BBE3275DFD750010ACE4 /* JSONParserService.swift in Sources */,
				613A6F5C27578B670034E69A /* UITableViewCell+Extension.swift in Sources */,
				6115F4AF275A09EA002EC3CA /* Endpoint.swift in Sources */,
				6115F4B3275A0DCF002EC3CA /* ArticlesService.swift in Sources */,
				615EF65F2757822A007958C6 /* ListTableViewCell.swift in Sources */,
				61BD7A1427569AAB00222377 /* SceneDelegate.swift in Sources */,
				6115F49A2758D3F0002EC3CA /* ListModulePresenter.swift in Sources */,
				61BD7B632756C38200222377 /* RootPresenter.swift in Sources */,
				61553DF0275E0D1000376CA3 /* SwitchTableViewCell.swift in Sources */,
				6115F4BB275AADD0002EC3CA /* ListViewModelBuilder.swift in Sources */,
				615EF65B2756CE4F007958C6 /* ListModuleView.swift in Sources */,
			);
			runOnlyForDeploymentPostprocessing = 0;
		};
/* End PBXSourcesBuildPhase section */

/* Begin PBXVariantGroup section */
		61BD7A1C27569AAC00222377 /* LaunchScreen.storyboard */ = {
			isa = PBXVariantGroup;
			children = (
				61BD7A1D27569AAC00222377 /* Base */,
			);
			name = LaunchScreen.storyboard;
			sourceTree = "<group>";
		};
/* End PBXVariantGroup section */

/* Begin XCBuildConfiguration section */
		61BD7A2027569AAC00222377 /* Debug */ = {
			isa = XCBuildConfiguration;
			buildSettings = {
				ALWAYS_SEARCH_USER_PATHS = NO;
				CLANG_ANALYZER_NONNULL = YES;
				CLANG_ANALYZER_NUMBER_OBJECT_CONVERSION = YES_AGGRESSIVE;
				CLANG_CXX_LANGUAGE_STANDARD = "gnu++17";
				CLANG_CXX_LIBRARY = "libc++";
				CLANG_ENABLE_MODULES = YES;
				CLANG_ENABLE_OBJC_ARC = YES;
				CLANG_ENABLE_OBJC_WEAK = YES;
				CLANG_WARN_BLOCK_CAPTURE_AUTORELEASING = YES;
				CLANG_WARN_BOOL_CONVERSION = YES;
				CLANG_WARN_COMMA = YES;
				CLANG_WARN_CONSTANT_CONVERSION = YES;
				CLANG_WARN_DEPRECATED_OBJC_IMPLEMENTATIONS = YES;
				CLANG_WARN_DIRECT_OBJC_ISA_USAGE = YES_ERROR;
				CLANG_WARN_DOCUMENTATION_COMMENTS = YES;
				CLANG_WARN_EMPTY_BODY = YES;
				CLANG_WARN_ENUM_CONVERSION = YES;
				CLANG_WARN_INFINITE_RECURSION = YES;
				CLANG_WARN_INT_CONVERSION = YES;
				CLANG_WARN_NON_LITERAL_NULL_CONVERSION = YES;
				CLANG_WARN_OBJC_IMPLICIT_RETAIN_SELF = YES;
				CLANG_WARN_OBJC_LITERAL_CONVERSION = YES;
				CLANG_WARN_OBJC_ROOT_CLASS = YES_ERROR;
				CLANG_WARN_QUOTED_INCLUDE_IN_FRAMEWORK_HEADER = YES;
				CLANG_WARN_RANGE_LOOP_ANALYSIS = YES;
				CLANG_WARN_STRICT_PROTOTYPES = YES;
				CLANG_WARN_SUSPICIOUS_MOVE = YES;
				CLANG_WARN_UNGUARDED_AVAILABILITY = YES_AGGRESSIVE;
				CLANG_WARN_UNREACHABLE_CODE = YES;
				CLANG_WARN__DUPLICATE_METHOD_MATCH = YES;
				COPY_PHASE_STRIP = NO;
				DEBUG_INFORMATION_FORMAT = dwarf;
				ENABLE_STRICT_OBJC_MSGSEND = YES;
				ENABLE_TESTABILITY = YES;
				GCC_C_LANGUAGE_STANDARD = gnu11;
				GCC_DYNAMIC_NO_PIC = NO;
				GCC_NO_COMMON_BLOCKS = YES;
				GCC_OPTIMIZATION_LEVEL = 0;
				GCC_PREPROCESSOR_DEFINITIONS = (
					"DEBUG=1",
					"$(inherited)",
				);
				GCC_WARN_64_TO_32_BIT_CONVERSION = YES;
				GCC_WARN_ABOUT_RETURN_TYPE = YES_ERROR;
				GCC_WARN_UNDECLARED_SELECTOR = YES;
				GCC_WARN_UNINITIALIZED_AUTOS = YES_AGGRESSIVE;
				GCC_WARN_UNUSED_FUNCTION = YES;
				GCC_WARN_UNUSED_VARIABLE = YES;
				IPHONEOS_DEPLOYMENT_TARGET = 15.0;
				MTL_ENABLE_DEBUG_INFO = INCLUDE_SOURCE;
				MTL_FAST_MATH = YES;
				ONLY_ACTIVE_ARCH = YES;
				SDKROOT = iphoneos;
				SWIFT_ACTIVE_COMPILATION_CONDITIONS = DEBUG;
				SWIFT_OPTIMIZATION_LEVEL = "-Onone";
			};
			name = Debug;
		};
		61BD7A2127569AAC00222377 /* Release */ = {
			isa = XCBuildConfiguration;
			buildSettings = {
				ALWAYS_SEARCH_USER_PATHS = NO;
				CLANG_ANALYZER_NONNULL = YES;
				CLANG_ANALYZER_NUMBER_OBJECT_CONVERSION = YES_AGGRESSIVE;
				CLANG_CXX_LANGUAGE_STANDARD = "gnu++17";
				CLANG_CXX_LIBRARY = "libc++";
				CLANG_ENABLE_MODULES = YES;
				CLANG_ENABLE_OBJC_ARC = YES;
				CLANG_ENABLE_OBJC_WEAK = YES;
				CLANG_WARN_BLOCK_CAPTURE_AUTORELEASING = YES;
				CLANG_WARN_BOOL_CONVERSION = YES;
				CLANG_WARN_COMMA = YES;
				CLANG_WARN_CONSTANT_CONVERSION = YES;
				CLANG_WARN_DEPRECATED_OBJC_IMPLEMENTATIONS = YES;
				CLANG_WARN_DIRECT_OBJC_ISA_USAGE = YES_ERROR;
				CLANG_WARN_DOCUMENTATION_COMMENTS = YES;
				CLANG_WARN_EMPTY_BODY = YES;
				CLANG_WARN_ENUM_CONVERSION = YES;
				CLANG_WARN_INFINITE_RECURSION = YES;
				CLANG_WARN_INT_CONVERSION = YES;
				CLANG_WARN_NON_LITERAL_NULL_CONVERSION = YES;
				CLANG_WARN_OBJC_IMPLICIT_RETAIN_SELF = YES;
				CLANG_WARN_OBJC_LITERAL_CONVERSION = YES;
				CLANG_WARN_OBJC_ROOT_CLASS = YES_ERROR;
				CLANG_WARN_QUOTED_INCLUDE_IN_FRAMEWORK_HEADER = YES;
				CLANG_WARN_RANGE_LOOP_ANALYSIS = YES;
				CLANG_WARN_STRICT_PROTOTYPES = YES;
				CLANG_WARN_SUSPICIOUS_MOVE = YES;
				CLANG_WARN_UNGUARDED_AVAILABILITY = YES_AGGRESSIVE;
				CLANG_WARN_UNREACHABLE_CODE = YES;
				CLANG_WARN__DUPLICATE_METHOD_MATCH = YES;
				COPY_PHASE_STRIP = NO;
				DEBUG_INFORMATION_FORMAT = "dwarf-with-dsym";
				ENABLE_NS_ASSERTIONS = NO;
				ENABLE_STRICT_OBJC_MSGSEND = YES;
				GCC_C_LANGUAGE_STANDARD = gnu11;
				GCC_NO_COMMON_BLOCKS = YES;
				GCC_WARN_64_TO_32_BIT_CONVERSION = YES;
				GCC_WARN_ABOUT_RETURN_TYPE = YES_ERROR;
				GCC_WARN_UNDECLARED_SELECTOR = YES;
				GCC_WARN_UNINITIALIZED_AUTOS = YES_AGGRESSIVE;
				GCC_WARN_UNUSED_FUNCTION = YES;
				GCC_WARN_UNUSED_VARIABLE = YES;
				IPHONEOS_DEPLOYMENT_TARGET = 15.0;
				MTL_ENABLE_DEBUG_INFO = NO;
				MTL_FAST_MATH = YES;
				SDKROOT = iphoneos;
				SWIFT_COMPILATION_MODE = wholemodule;
				SWIFT_OPTIMIZATION_LEVEL = "-O";
				VALIDATE_PRODUCT = YES;
			};
			name = Release;
		};
		61BD7A2327569AAC00222377 /* Debug */ = {
			isa = XCBuildConfiguration;
			baseConfigurationReference = C1ECA80E99D19BEC8B788AD7 /* Pods-NewsAgregatorApp.debug.xcconfig */;
			buildSettings = {
				ASSETCATALOG_COMPILER_APPICON_NAME = AppIcon;
				ASSETCATALOG_COMPILER_GLOBAL_ACCENT_COLOR_NAME = AccentColor;
				CODE_SIGN_STYLE = Automatic;
				CURRENT_PROJECT_VERSION = 1;
				DEVELOPMENT_TEAM = 9A9LR934E6;
				GENERATE_INFOPLIST_FILE = YES;
				INFOPLIST_FILE = NewsAgregatorApp/Info.plist;
				INFOPLIST_KEY_UIApplicationSupportsIndirectInputEvents = YES;
				INFOPLIST_KEY_UILaunchStoryboardName = LaunchScreen;
				INFOPLIST_KEY_UISupportedInterfaceOrientations_iPad = "UIInterfaceOrientationPortrait UIInterfaceOrientationPortraitUpsideDown UIInterfaceOrientationLandscapeLeft UIInterfaceOrientationLandscapeRight";
				INFOPLIST_KEY_UISupportedInterfaceOrientations_iPhone = "UIInterfaceOrientationPortrait UIInterfaceOrientationLandscapeLeft UIInterfaceOrientationLandscapeRight";
				LD_RUNPATH_SEARCH_PATHS = (
					"$(inherited)",
					"@executable_path/Frameworks",
				);
				MARKETING_VERSION = 1.0;
				PRODUCT_BUNDLE_IDENTIFIER = L887ddd877.com.NewsAgregatorApp;
				PRODUCT_NAME = "$(TARGET_NAME)";
				SWIFT_EMIT_LOC_STRINGS = YES;
				SWIFT_VERSION = 5.0;
				TARGETED_DEVICE_FAMILY = "1,2";
			};
			name = Debug;
		};
		61BD7A2427569AAC00222377 /* Release */ = {
			isa = XCBuildConfiguration;
			baseConfigurationReference = F5781ADE890895B6D5654BC5 /* Pods-NewsAgregatorApp.release.xcconfig */;
			buildSettings = {
				ASSETCATALOG_COMPILER_APPICON_NAME = AppIcon;
				ASSETCATALOG_COMPILER_GLOBAL_ACCENT_COLOR_NAME = AccentColor;
				CODE_SIGN_STYLE = Automatic;
				CURRENT_PROJECT_VERSION = 1;
				DEVELOPMENT_TEAM = 9A9LR934E6;
				GENERATE_INFOPLIST_FILE = YES;
				INFOPLIST_FILE = NewsAgregatorApp/Info.plist;
				INFOPLIST_KEY_UIApplicationSupportsIndirectInputEvents = YES;
				INFOPLIST_KEY_UILaunchStoryboardName = LaunchScreen;
				INFOPLIST_KEY_UISupportedInterfaceOrientations_iPad = "UIInterfaceOrientationPortrait UIInterfaceOrientationPortraitUpsideDown UIInterfaceOrientationLandscapeLeft UIInterfaceOrientationLandscapeRight";
				INFOPLIST_KEY_UISupportedInterfaceOrientations_iPhone = "UIInterfaceOrientationPortrait UIInterfaceOrientationLandscapeLeft UIInterfaceOrientationLandscapeRight";
				LD_RUNPATH_SEARCH_PATHS = (
					"$(inherited)",
					"@executable_path/Frameworks",
				);
				MARKETING_VERSION = 1.0;
				PRODUCT_BUNDLE_IDENTIFIER = L887ddd877.com.NewsAgregatorApp;
				PRODUCT_NAME = "$(TARGET_NAME)";
				SWIFT_EMIT_LOC_STRINGS = YES;
				SWIFT_VERSION = 5.0;
				TARGETED_DEVICE_FAMILY = "1,2";
			};
			name = Release;
		};
/* End XCBuildConfiguration section */

/* Begin XCConfigurationList section */
		61BD7A0927569AAB00222377 /* Build configuration list for PBXProject "NewsAgregatorApp" */ = {
			isa = XCConfigurationList;
			buildConfigurations = (
				61BD7A2027569AAC00222377 /* Debug */,
				61BD7A2127569AAC00222377 /* Release */,
			);
			defaultConfigurationIsVisible = 0;
			defaultConfigurationName = Release;
		};
		61BD7A2227569AAC00222377 /* Build configuration list for PBXNativeTarget "NewsAgregatorApp" */ = {
			isa = XCConfigurationList;
			buildConfigurations = (
				61BD7A2327569AAC00222377 /* Debug */,
				61BD7A2427569AAC00222377 /* Release */,
			);
			defaultConfigurationIsVisible = 0;
			defaultConfigurationName = Release;
		};
/* End XCConfigurationList section */
	};
	rootObject = 61BD7A0627569AAB00222377 /* Project object */;
}
